// !$*UTF8*$!
{
	archiveVersion = 1;
	classes = {
	};
	objectVersion = 56;
	objects = {

/* Begin PBXBuildFile section */
		5590E93D2B03DC3800EA511C /* FeatureCard.swift in Sources */ = {isa = PBXBuildFile; fileRef = 5590E93C2B03DC3800EA511C /* FeatureCard.swift */; };
		55AB60E12B023B9D0059A8E0 /* Revision_VaultApp.swift in Sources */ = {isa = PBXBuildFile; fileRef = 55AB60E02B023B9D0059A8E0 /* Revision_VaultApp.swift */; };
		55AB60E32B023B9D0059A8E0 /* ContentView.swift in Sources */ = {isa = PBXBuildFile; fileRef = 55AB60E22B023B9D0059A8E0 /* ContentView.swift */; };
		55AB60E52B023B9F0059A8E0 /* Assets.xcassets in Resources */ = {isa = PBXBuildFile; fileRef = 55AB60E42B023B9F0059A8E0 /* Assets.xcassets */; };
		55AB60E82B023B9F0059A8E0 /* Preview Assets.xcassets in Resources */ = {isa = PBXBuildFile; fileRef = 55AB60E72B023B9F0059A8E0 /* Preview Assets.xcassets */; };
		55AB60F02B023C7B0059A8E0 /* HomeView.swift in Sources */ = {isa = PBXBuildFile; fileRef = 55AB60EF2B023C7B0059A8E0 /* HomeView.swift */; };
		55AB60F42B023E540059A8E0 /* FlashcardsHome.swift in Sources */ = {isa = PBXBuildFile; fileRef = 55AB60F32B023E540059A8E0 /* FlashcardsHome.swift */; };
		55AB60F62B023EB90059A8E0 /* PastExamHome.swift in Sources */ = {isa = PBXBuildFile; fileRef = 55AB60F52B023EB90059A8E0 /* PastExamHome.swift */; };
		55AB60FE2B0241010059A8E0 /* subjectData.json in Resources */ = {isa = PBXBuildFile; fileRef = 55AB60FD2B0241010059A8E0 /* subjectData.json */; };
		55AB61012B0241420059A8E0 /* Subject.swift in Sources */ = {isa = PBXBuildFile; fileRef = 55AB61002B0241420059A8E0 /* Subject.swift */; };
		55AB61032B0242C20059A8E0 /* ModelData.swift in Sources */ = {isa = PBXBuildFile; fileRef = 55AB61022B0242C20059A8E0 /* ModelData.swift */; };
		55AB61052B0244EA0059A8E0 /* SubjectRow.swift in Sources */ = {isa = PBXBuildFile; fileRef = 55AB61042B0244EA0059A8E0 /* SubjectRow.swift */; };
		55AB61092B02487B0059A8E0 /* SubjectList.swift in Sources */ = {isa = PBXBuildFile; fileRef = 55AB61082B02487B0059A8E0 /* SubjectList.swift */; };
		55AB610B2B0254C40059A8E0 /* SubjectDetail.swift in Sources */ = {isa = PBXBuildFile; fileRef = 55AB610A2B0254C40059A8E0 /* SubjectDetail.swift */; };
		55AB61142B0361930059A8E0 /* CardsExamBoardSelector.swift in Sources */ = {isa = PBXBuildFile; fileRef = 55AB61132B0361930059A8E0 /* CardsExamBoardSelector.swift */; };
		55AB61162B0374E40059A8E0 /* PastExamQsExamBoardSelector.swift in Sources */ = {isa = PBXBuildFile; fileRef = 55AB61152B0374E40059A8E0 /* PastExamQsExamBoardSelector.swift */; };
/* End PBXBuildFile section */

/* Begin PBXFileReference section */
		5590E93C2B03DC3800EA511C /* FeatureCard.swift */ = {isa = PBXFileReference; lastKnownFileType = sourcecode.swift; name = FeatureCard.swift; path = ../../../../../../../FeatureCard.swift; sourceTree = "<group>"; };
		55AB60DD2B023B9D0059A8E0 /* Revision Vault.app */ = {isa = PBXFileReference; explicitFileType = wrapper.application; includeInIndex = 0; path = "Revision Vault.app"; sourceTree = BUILT_PRODUCTS_DIR; };
		55AB60E02B023B9D0059A8E0 /* Revision_VaultApp.swift */ = {isa = PBXFileReference; lastKnownFileType = sourcecode.swift; path = Revision_VaultApp.swift; sourceTree = "<group>"; };
		55AB60E22B023B9D0059A8E0 /* ContentView.swift */ = {isa = PBXFileReference; lastKnownFileType = sourcecode.swift; path = ContentView.swift; sourceTree = "<group>"; };
		55AB60E42B023B9F0059A8E0 /* Assets.xcassets */ = {isa = PBXFileReference; lastKnownFileType = folder.assetcatalog; path = Assets.xcassets; sourceTree = "<group>"; };
		55AB60E72B023B9F0059A8E0 /* Preview Assets.xcassets */ = {isa = PBXFileReference; lastKnownFileType = folder.assetcatalog; path = "Preview Assets.xcassets"; sourceTree = "<group>"; };
		55AB60EF2B023C7B0059A8E0 /* HomeView.swift */ = {isa = PBXFileReference; lastKnownFileType = sourcecode.swift; path = HomeView.swift; sourceTree = "<group>"; };
		55AB60F32B023E540059A8E0 /* FlashcardsHome.swift */ = {isa = PBXFileReference; lastKnownFileType = sourcecode.swift; path = FlashcardsHome.swift; sourceTree = "<group>"; };
		55AB60F52B023EB90059A8E0 /* PastExamHome.swift */ = {isa = PBXFileReference; lastKnownFileType = sourcecode.swift; path = PastExamHome.swift; sourceTree = "<group>"; };
		55AB60FD2B0241010059A8E0 /* subjectData.json */ = {isa = PBXFileReference; fileEncoding = 4; lastKnownFileType = text.json; path = subjectData.json; sourceTree = "<group>"; };
		55AB61002B0241420059A8E0 /* Subject.swift */ = {isa = PBXFileReference; lastKnownFileType = sourcecode.swift; path = Subject.swift; sourceTree = "<group>"; };
		55AB61022B0242C20059A8E0 /* ModelData.swift */ = {isa = PBXFileReference; lastKnownFileType = sourcecode.swift; path = ModelData.swift; sourceTree = "<group>"; };
		55AB61042B0244EA0059A8E0 /* SubjectRow.swift */ = {isa = PBXFileReference; lastKnownFileType = sourcecode.swift; path = SubjectRow.swift; sourceTree = "<group>"; };
		55AB61082B02487B0059A8E0 /* SubjectList.swift */ = {isa = PBXFileReference; lastKnownFileType = sourcecode.swift; path = SubjectList.swift; sourceTree = "<group>"; };
		55AB610A2B0254C40059A8E0 /* SubjectDetail.swift */ = {isa = PBXFileReference; lastKnownFileType = sourcecode.swift; path = SubjectDetail.swift; sourceTree = "<group>"; };
		55AB61132B0361930059A8E0 /* CardsExamBoardSelector.swift */ = {isa = PBXFileReference; lastKnownFileType = sourcecode.swift; path = CardsExamBoardSelector.swift; sourceTree = "<group>"; };
		55AB61152B0374E40059A8E0 /* PastExamQsExamBoardSelector.swift */ = {isa = PBXFileReference; lastKnownFileType = sourcecode.swift; path = PastExamQsExamBoardSelector.swift; sourceTree = "<group>"; };
/* End PBXFileReference section */

/* Begin PBXFrameworksBuildPhase section */
		55AB60DA2B023B9D0059A8E0 /* Frameworks */ = {
			isa = PBXFrameworksBuildPhase;
			buildActionMask = 2147483647;
			files = (
			);
			runOnlyForDeploymentPostprocessing = 0;
		};
/* End PBXFrameworksBuildPhase section */

/* Begin PBXGroup section */
		55AB60D42B023B9D0059A8E0 = {
			isa = PBXGroup;
			children = (
				55AB60DF2B023B9D0059A8E0 /* Revision Vault */,
				55AB60DE2B023B9D0059A8E0 /* Products */,
			);
			sourceTree = "<group>";
		};
		55AB60DE2B023B9D0059A8E0 /* Products */ = {
			isa = PBXGroup;
			children = (
				55AB60DD2B023B9D0059A8E0 /* Revision Vault.app */,
			);
			name = Products;
			sourceTree = "<group>";
		};
		55AB60DF2B023B9D0059A8E0 /* Revision Vault */ = {
			isa = PBXGroup;
			children = (
				55AB60FF2B02412F0059A8E0 /* Models */,
				55AB60F72B023F090059A8E0 /* Resources */,
				55AB60EE2B023C3C0059A8E0 /* Views */,
				55AB60E02B023B9D0059A8E0 /* Revision_VaultApp.swift */,
				55AB60E42B023B9F0059A8E0 /* Assets.xcassets */,
				55AB60E62B023B9F0059A8E0 /* Preview Content */,
			);
			path = "Revision Vault";
			sourceTree = "<group>";
		};
		55AB60E62B023B9F0059A8E0 /* Preview Content */ = {
			isa = PBXGroup;
			children = (
				55AB60E72B023B9F0059A8E0 /* Preview Assets.xcassets */,
			);
			path = "Preview Content";
			sourceTree = "<group>";
		};
		55AB60EE2B023C3C0059A8E0 /* Views */ = {
			isa = PBXGroup;
			children = (
				55AB61172B03900D0059A8E0 /* Home */,
				55AB60E22B023B9D0059A8E0 /* ContentView.swift */,
				55AB61122B03617E0059A8E0 /* InnerViews */,
				55AB61062B0244F90059A8E0 /* MainViews */,
				55AB61072B0245000059A8E0 /* SubjectList */,
			);
			path = Views;
			sourceTree = "<group>";
		};
		55AB60F72B023F090059A8E0 /* Resources */ = {
			isa = PBXGroup;
			children = (
				55AB60FD2B0241010059A8E0 /* subjectData.json */,
			);
			path = Resources;
			sourceTree = "<group>";
		};
		55AB60FF2B02412F0059A8E0 /* Models */ = {
			isa = PBXGroup;
			children = (
				55AB61002B0241420059A8E0 /* Subject.swift */,
				55AB61022B0242C20059A8E0 /* ModelData.swift */,
			);
			path = Models;
			sourceTree = "<group>";
		};
		55AB61062B0244F90059A8E0 /* MainViews */ = {
			isa = PBXGroup;
			children = (
				55AB60EF2B023C7B0059A8E0 /* HomeView.swift */,
				55AB60F32B023E540059A8E0 /* FlashcardsHome.swift */,
				55AB60F52B023EB90059A8E0 /* PastExamHome.swift */,
			);
			path = MainViews;
			sourceTree = "<group>";
		};
		55AB61072B0245000059A8E0 /* SubjectList */ = {
			isa = PBXGroup;
			children = (
				55AB61042B0244EA0059A8E0 /* SubjectRow.swift */,
				55AB61082B02487B0059A8E0 /* SubjectList.swift */,
				55AB610A2B0254C40059A8E0 /* SubjectDetail.swift */,
			);
			path = SubjectList;
			sourceTree = "<group>";
		};
		55AB61122B03617E0059A8E0 /* InnerViews */ = {
			isa = PBXGroup;
			children = (
				55AB61132B0361930059A8E0 /* CardsExamBoardSelector.swift */,
				55AB61152B0374E40059A8E0 /* PastExamQsExamBoardSelector.swift */,
			);
			path = InnerViews;
			sourceTree = "<group>";
		};
		55AB61172B03900D0059A8E0 /* Home */ = {
			isa = PBXGroup;
			children = (
				55AB61182B03928D0059A8E0 /* Feature */,
			);
			path = Home;
			sourceTree = "<group>";
		};
		55AB61182B03928D0059A8E0 /* Feature */ = {
			isa = PBXGroup;
			children = (
				5590E93C2B03DC3800EA511C /* FeatureCard.swift */,
			);
			path = Feature;
			sourceTree = "<group>";
		};
/* End PBXGroup section */

/* Begin PBXNativeTarget section */
		55AB60DC2B023B9D0059A8E0 /* Revision Vault */ = {
			isa = PBXNativeTarget;
			buildConfigurationList = 55AB60EB2B023B9F0059A8E0 /* Build configuration list for PBXNativeTarget "Revision Vault" */;
			buildPhases = (
				55AB60D92B023B9D0059A8E0 /* Sources */,
				55AB60DA2B023B9D0059A8E0 /* Frameworks */,
				55AB60DB2B023B9D0059A8E0 /* Resources */,
			);
			buildRules = (
			);
			dependencies = (
			);
			name = "Revision Vault";
			productName = "Revision Vault";
			productReference = 55AB60DD2B023B9D0059A8E0 /* Revision Vault.app */;
			productType = "com.apple.product-type.application";
		};
/* End PBXNativeTarget section */

/* Begin PBXProject section */
		55AB60D52B023B9D0059A8E0 /* Project object */ = {
			isa = PBXProject;
			attributes = {
				BuildIndependentTargetsInParallel = 1;
				LastSwiftUpdateCheck = 1500;
				LastUpgradeCheck = 1500;
				TargetAttributes = {
					55AB60DC2B023B9D0059A8E0 = {
						CreatedOnToolsVersion = 15.0;
					};
				};
			};
			buildConfigurationList = 55AB60D82B023B9D0059A8E0 /* Build configuration list for PBXProject "Revision Vault" */;
			compatibilityVersion = "Xcode 14.0";
			developmentRegion = en;
			hasScannedForEncodings = 0;
			knownRegions = (
				en,
				Base,
			);
			mainGroup = 55AB60D42B023B9D0059A8E0;
			productRefGroup = 55AB60DE2B023B9D0059A8E0 /* Products */;
			projectDirPath = "";
			projectRoot = "";
			targets = (
				55AB60DC2B023B9D0059A8E0 /* Revision Vault */,
			);
		};
/* End PBXProject section */

/* Begin PBXResourcesBuildPhase section */
		55AB60DB2B023B9D0059A8E0 /* Resources */ = {
			isa = PBXResourcesBuildPhase;
			buildActionMask = 2147483647;
			files = (
				55AB60FE2B0241010059A8E0 /* subjectData.json in Resources */,
				55AB60E82B023B9F0059A8E0 /* Preview Assets.xcassets in Resources */,
				55AB60E52B023B9F0059A8E0 /* Assets.xcassets in Resources */,
			);
			runOnlyForDeploymentPostprocessing = 0;
		};
/* End PBXResourcesBuildPhase section */

/* Begin PBXSourcesBuildPhase section */
		55AB60D92B023B9D0059A8E0 /* Sources */ = {
			isa = PBXSourcesBuildPhase;
			buildActionMask = 2147483647;
			files = (
				55AB60F02B023C7B0059A8E0 /* HomeView.swift in Sources */,
				55AB60E32B023B9D0059A8E0 /* ContentView.swift in Sources */,
				55AB60F62B023EB90059A8E0 /* PastExamHome.swift in Sources */,
				5590E93D2B03DC3800EA511C /* FeatureCard.swift in Sources */,
				55AB60F42B023E540059A8E0 /* FlashcardsHome.swift in Sources */,
				55AB61032B0242C20059A8E0 /* ModelData.swift in Sources */,
				55AB60E12B023B9D0059A8E0 /* Revision_VaultApp.swift in Sources */,
				55AB61052B0244EA0059A8E0 /* SubjectRow.swift in Sources */,
				55AB61092B02487B0059A8E0 /* SubjectList.swift in Sources */,
				55AB61012B0241420059A8E0 /* Subject.swift in Sources */,
				55AB61162B0374E40059A8E0 /* PastExamQsExamBoardSelector.swift in Sources */,
				55AB610B2B0254C40059A8E0 /* SubjectDetail.swift in Sources */,
				55AB61142B0361930059A8E0 /* CardsExamBoardSelector.swift in Sources */,
			);
			runOnlyForDeploymentPostprocessing = 0;
		};
/* End PBXSourcesBuildPhase section */

/* Begin XCBuildConfiguration section */
		55AB60E92B023B9F0059A8E0 /* Debug */ = {
			isa = XCBuildConfiguration;
			buildSettings = {
				ALWAYS_SEARCH_USER_PATHS = NO;
				ASSETCATALOG_COMPILER_GENERATE_SWIFT_ASSET_SYMBOL_EXTENSIONS = YES;
				CLANG_ANALYZER_NONNULL = YES;
				CLANG_ANALYZER_NUMBER_OBJECT_CONVERSION = YES_AGGRESSIVE;
				CLANG_CXX_LANGUAGE_STANDARD = "gnu++20";
				CLANG_ENABLE_MODULES = YES;
				CLANG_ENABLE_OBJC_ARC = YES;
				CLANG_ENABLE_OBJC_WEAK = YES;
				CLANG_WARN_BLOCK_CAPTURE_AUTORELEASING = YES;
				CLANG_WARN_BOOL_CONVERSION = YES;
				CLANG_WARN_COMMA = YES;
				CLANG_WARN_CONSTANT_CONVERSION = YES;
				CLANG_WARN_DEPRECATED_OBJC_IMPLEMENTATIONS = YES;
				CLANG_WARN_DIRECT_OBJC_ISA_USAGE = YES_ERROR;
				CLANG_WARN_DOCUMENTATION_COMMENTS = YES;
				CLANG_WARN_EMPTY_BODY = YES;
				CLANG_WARN_ENUM_CONVERSION = YES;
				CLANG_WARN_INFINITE_RECURSION = YES;
				CLANG_WARN_INT_CONVERSION = YES;
				CLANG_WARN_NON_LITERAL_NULL_CONVERSION = YES;
				CLANG_WARN_OBJC_IMPLICIT_RETAIN_SELF = YES;
				CLANG_WARN_OBJC_LITERAL_CONVERSION = YES;
				CLANG_WARN_OBJC_ROOT_CLASS = YES_ERROR;
				CLANG_WARN_QUOTED_INCLUDE_IN_FRAMEWORK_HEADER = YES;
				CLANG_WARN_RANGE_LOOP_ANALYSIS = YES;
				CLANG_WARN_STRICT_PROTOTYPES = YES;
				CLANG_WARN_SUSPICIOUS_MOVE = YES;
				CLANG_WARN_UNGUARDED_AVAILABILITY = YES_AGGRESSIVE;
				CLANG_WARN_UNREACHABLE_CODE = YES;
				CLANG_WARN__DUPLICATE_METHOD_MATCH = YES;
				COPY_PHASE_STRIP = NO;
				DEBUG_INFORMATION_FORMAT = dwarf;
				ENABLE_STRICT_OBJC_MSGSEND = YES;
				ENABLE_TESTABILITY = YES;
				ENABLE_USER_SCRIPT_SANDBOXING = YES;
				GCC_C_LANGUAGE_STANDARD = gnu17;
				GCC_DYNAMIC_NO_PIC = NO;
				GCC_NO_COMMON_BLOCKS = YES;
				GCC_OPTIMIZATION_LEVEL = 0;
				GCC_PREPROCESSOR_DEFINITIONS = (
					"DEBUG=1",
					"$(inherited)",
				);
				GCC_WARN_64_TO_32_BIT_CONVERSION = YES;
				GCC_WARN_ABOUT_RETURN_TYPE = YES_ERROR;
				GCC_WARN_UNDECLARED_SELECTOR = YES;
				GCC_WARN_UNINITIALIZED_AUTOS = YES_AGGRESSIVE;
				GCC_WARN_UNUSED_FUNCTION = YES;
				GCC_WARN_UNUSED_VARIABLE = YES;
				IPHONEOS_DEPLOYMENT_TARGET = 17.0;
				LOCALIZATION_PREFERS_STRING_CATALOGS = YES;
				MTL_ENABLE_DEBUG_INFO = INCLUDE_SOURCE;
				MTL_FAST_MATH = YES;
				ONLY_ACTIVE_ARCH = YES;
				SDKROOT = iphoneos;
				SWIFT_ACTIVE_COMPILATION_CONDITIONS = "DEBUG $(inherited)";
				SWIFT_OPTIMIZATION_LEVEL = "-Onone";
			};
			name = Debug;
		};
		55AB60EA2B023B9F0059A8E0 /* Release */ = {
			isa = XCBuildConfiguration;
			buildSettings = {
				ALWAYS_SEARCH_USER_PATHS = NO;
				ASSETCATALOG_COMPILER_GENERATE_SWIFT_ASSET_SYMBOL_EXTENSIONS = YES;
				CLANG_ANALYZER_NONNULL = YES;
				CLANG_ANALYZER_NUMBER_OBJECT_CONVERSION = YES_AGGRESSIVE;
				CLANG_CXX_LANGUAGE_STANDARD = "gnu++20";
				CLANG_ENABLE_MODULES = YES;
				CLANG_ENABLE_OBJC_ARC = YES;
				CLANG_ENABLE_OBJC_WEAK = YES;
				CLANG_WARN_BLOCK_CAPTURE_AUTORELEASING = YES;
				CLANG_WARN_BOOL_CONVERSION = YES;
				CLANG_WARN_COMMA = YES;
				CLANG_WARN_CONSTANT_CONVERSION = YES;
				CLANG_WARN_DEPRECATED_OBJC_IMPLEMENTATIONS = YES;
				CLANG_WARN_DIRECT_OBJC_ISA_USAGE = YES_ERROR;
				CLANG_WARN_DOCUMENTATION_COMMENTS = YES;
				CLANG_WARN_EMPTY_BODY = YES;
				CLANG_WARN_ENUM_CONVERSION = YES;
				CLANG_WARN_INFINITE_RECURSION = YES;
				CLANG_WARN_INT_CONVERSION = YES;
				CLANG_WARN_NON_LITERAL_NULL_CONVERSION = YES;
				CLANG_WARN_OBJC_IMPLICIT_RETAIN_SELF = YES;
				CLANG_WARN_OBJC_LITERAL_CONVERSION = YES;
				CLANG_WARN_OBJC_ROOT_CLASS = YES_ERROR;
				CLANG_WARN_QUOTED_INCLUDE_IN_FRAMEWORK_HEADER = YES;
				CLANG_WARN_RANGE_LOOP_ANALYSIS = YES;
				CLANG_WARN_STRICT_PROTOTYPES = YES;
				CLANG_WARN_SUSPICIOUS_MOVE = YES;
				CLANG_WARN_UNGUARDED_AVAILABILITY = YES_AGGRESSIVE;
				CLANG_WARN_UNREACHABLE_CODE = YES;
				CLANG_WARN__DUPLICATE_METHOD_MATCH = YES;
				COPY_PHASE_STRIP = NO;
				DEBUG_INFORMATION_FORMAT = "dwarf-with-dsym";
				ENABLE_NS_ASSERTIONS = NO;
				ENABLE_STRICT_OBJC_MSGSEND = YES;
				ENABLE_USER_SCRIPT_SANDBOXING = YES;
				GCC_C_LANGUAGE_STANDARD = gnu17;
				GCC_NO_COMMON_BLOCKS = YES;
				GCC_WARN_64_TO_32_BIT_CONVERSION = YES;
				GCC_WARN_ABOUT_RETURN_TYPE = YES_ERROR;
				GCC_WARN_UNDECLARED_SELECTOR = YES;
				GCC_WARN_UNINITIALIZED_AUTOS = YES_AGGRESSIVE;
				GCC_WARN_UNUSED_FUNCTION = YES;
				GCC_WARN_UNUSED_VARIABLE = YES;
				IPHONEOS_DEPLOYMENT_TARGET = 17.0;
				LOCALIZATION_PREFERS_STRING_CATALOGS = YES;
				MTL_ENABLE_DEBUG_INFO = NO;
				MTL_FAST_MATH = YES;
				SDKROOT = iphoneos;
				SWIFT_COMPILATION_MODE = wholemodule;
				VALIDATE_PRODUCT = YES;
			};
			name = Release;
		};
		55AB60EC2B023B9F0059A8E0 /* Debug */ = {
			isa = XCBuildConfiguration;
			buildSettings = {
				ASSETCATALOG_COMPILER_APPICON_NAME = AppIcon;
				ASSETCATALOG_COMPILER_GLOBAL_ACCENT_COLOR_NAME = AccentColor;
				CODE_SIGN_STYLE = Automatic;
				CURRENT_PROJECT_VERSION = 1;
				DEVELOPMENT_ASSET_PATHS = "\"Revision Vault/Preview Content\"";
				DEVELOPMENT_TEAM = YPKPKKP2QM;
				ENABLE_PREVIEWS = YES;
				GENERATE_INFOPLIST_FILE = YES;
				INFOPLIST_KEY_UIApplicationSceneManifest_Generation = YES;
				INFOPLIST_KEY_UIApplicationSupportsIndirectInputEvents = YES;
				INFOPLIST_KEY_UILaunchScreen_Generation = YES;
				INFOPLIST_KEY_UISupportedInterfaceOrientations_iPad = "UIInterfaceOrientationPortrait UIInterfaceOrientationPortraitUpsideDown UIInterfaceOrientationLandscapeLeft UIInterfaceOrientationLandscapeRight";
				INFOPLIST_KEY_UISupportedInterfaceOrientations_iPhone = "UIInterfaceOrientationPortrait UIInterfaceOrientationLandscapeLeft UIInterfaceOrientationLandscapeRight";
				LD_RUNPATH_SEARCH_PATHS = (
					"$(inherited)",
					"@executable_path/Frameworks",
				);
				MARKETING_VERSION = 1.0;
				PRODUCT_BUNDLE_IDENTIFIER = "charlieward.info.Revision-Vault";
				PRODUCT_NAME = "$(TARGET_NAME)";
				SWIFT_EMIT_LOC_STRINGS = YES;
				SWIFT_VERSION = 5.0;
				TARGETED_DEVICE_FAMILY = "1,2";
			};
			name = Debug;
		};
		55AB60ED2B023B9F0059A8E0 /* Release */ = {
			isa = XCBuildConfiguration;
			buildSettings = {
				ASSETCATALOG_COMPILER_APPICON_NAME = AppIcon;
				ASSETCATALOG_COMPILER_GLOBAL_ACCENT_COLOR_NAME = AccentColor;
				CODE_SIGN_STYLE = Automatic;
				CURRENT_PROJECT_VERSION = 1;
				DEVELOPMENT_ASSET_PATHS = "\"Revision Vault/Preview Content\"";
				DEVELOPMENT_TEAM = YPKPKKP2QM;
				ENABLE_PREVIEWS = YES;
				GENERATE_INFOPLIST_FILE = YES;
				INFOPLIST_KEY_UIApplicationSceneManifest_Generation = YES;
				INFOPLIST_KEY_UIApplicationSupportsIndirectInputEvents = YES;
				INFOPLIST_KEY_UILaunchScreen_Generation = YES;
				INFOPLIST_KEY_UISupportedInterfaceOrientations_iPad = "UIInterfaceOrientationPortrait UIInterfaceOrientationPortraitUpsideDown UIInterfaceOrientationLandscapeLeft UIInterfaceOrientationLandscapeRight";
				INFOPLIST_KEY_UISupportedInterfaceOrientations_iPhone = "UIInterfaceOrientationPortrait UIInterfaceOrientationLandscapeLeft UIInterfaceOrientationLandscapeRight";
				LD_RUNPATH_SEARCH_PATHS = (
					"$(inherited)",
					"@executable_path/Frameworks",
				);
				MARKETING_VERSION = 1.0;
				PRODUCT_BUNDLE_IDENTIFIER = "charlieward.info.Revision-Vault";
				PRODUCT_NAME = "$(TARGET_NAME)";
				SWIFT_EMIT_LOC_STRINGS = YES;
				SWIFT_VERSION = 5.0;
				TARGETED_DEVICE_FAMILY = "1,2";
			};
			name = Release;
		};
/* End XCBuildConfiguration section */

/* Begin XCConfigurationList section */
		55AB60D82B023B9D0059A8E0 /* Build configuration list for PBXProject "Revision Vault" */ = {
			isa = XCConfigurationList;
			buildConfigurations = (
				55AB60E92B023B9F0059A8E0 /* Debug */,
				55AB60EA2B023B9F0059A8E0 /* Release */,
			);
			defaultConfigurationIsVisible = 0;
			defaultConfigurationName = Release;
		};
		55AB60EB2B023B9F0059A8E0 /* Build configuration list for PBXNativeTarget "Revision Vault" */ = {
			isa = XCConfigurationList;
			buildConfigurations = (
				55AB60EC2B023B9F0059A8E0 /* Debug */,
				55AB60ED2B023B9F0059A8E0 /* Release */,
			);
			defaultConfigurationIsVisible = 0;
			defaultConfigurationName = Release;
		};
/* End XCConfigurationList section */
	};
	rootObject = 55AB60D52B023B9D0059A8E0 /* Project object */;
}
